{
  "name": "jev-router",
  "version": "0.3.0",
  "lockfileVersion": 3,
  "requires": true,
  "packages": {
    "": {
      "name": "jev-router",
      "version": "0.3.0",
      "license": "MIT",
      "bin": {
        "jev-claude": "bin/jev-claude.mjs",
        "jev-codex": "bin/jev-codex.mjs",
        "jev-explain": "bin/jev-explain.mjs"
      },
      "engines": {
        "node": ">=20.12"
      }
    }
  }
}
